
Microsoft Visual Studio Solution File, Format Version 12.00
# Visual Studio Version 17
VisualStudioVersion = 17.1.31903.286
MinimumVisualStudioVersion = 10.0.40219.1
Project("{8BC9CEB8-8B4A-11D0-8D11-00A0C91BC942}") = "IntroductionToOOP", "IntroductionToOOP\IntroductionToOOP.vcxproj", "{A4969A18-25F9-4D82-9310-2CD5A85BE311}"
EndProject
Project("{8BC9CEB8-8B4A-11D0-8D11-00A0C91BC942}") = "Fraction", "Fraction\Fraction.vcxproj", "{8D51C382-66E9-44A7-9E97-3961D3543105}"
EndProject
Project("{8BC9CEB8-8B4A-11D0-8D11-00A0C91BC942}") = "ClassFraction", "ClassFraction\ClassFraction.vcxproj", "{C9571766-29C5-4084-BB46-78150D26CF6B}"
EndProject
Global
	GlobalSection(SolutionConfigurationPlatforms) = preSolution
		Debug|x64 = Debug|x64
		Debug|x86 = Debug|x86
		Release|x64 = Release|x64
		Release|x86 = Release|x86
	EndGlobalSection
	GlobalSection(ProjectConfigurationPlatforms) = postSolution
		{A4969A18-25F9-4D82-9310-2CD5A85BE311}.Debug|x64.ActiveCfg = Debug|x64
		{A4969A18-25F9-4D82-9310-2CD5A85BE311}.Debug|x64.Build.0 = Debug|x64
		{A4969A18-25F9-4D82-9310-2CD5A85BE311}.Debug|x86.ActiveCfg = Debug|Win32
		{A4969A18-25F9-4D82-9310-2CD5A85BE311}.Debug|x86.Build.0 = Debug|Win32
		{A4969A18-25F9-4D82-9310-2CD5A85BE311}.Release|x64.ActiveCfg = Release|x64
		{A4969A18-25F9-4D82-9310-2CD5A85BE311}.Release|x64.Build.0 = Release|x64
		{A4969A18-25F9-4D82-9310-2CD5A85BE311}.Release|x86.ActiveCfg = Release|Win32
		{A4969A18-25F9-4D82-9310-2CD5A85BE311}.Release|x86.Build.0 = Release|Win32
		{8D51C382-66E9-44A7-9E97-3961D3543105}.Debug|x64.ActiveCfg = Debug|x64
		{8D51C382-66E9-44A7-9E97-3961D3543105}.Debug|x64.Build.0 = Debug|x64
		{8D51C382-66E9-44A7-9E97-3961D3543105}.Debug|x86.ActiveCfg = Debug|Win32
		{8D51C382-66E9-44A7-9E97-3961D3543105}.Debug|x86.Build.0 = Debug|Win32
		{8D51C382-66E9-44A7-9E97-3961D3543105}.Release|x64.ActiveCfg = Release|x64
		{8D51C382-66E9-44A7-9E97-3961D3543105}.Release|x64.Build.0 = Release|x64
		{8D51C382-66E9-44A7-9E97-3961D3543105}.Release|x86.ActiveCfg = Release|Win32
		{8D51C382-66E9-44A7-9E97-3961D3543105}.Release|x86.Build.0 = Release|Win32
		{C9571766-29C5-4084-BB46-78150D26CF6B}.Debug|x64.ActiveCfg = Debug|x64
		{C9571766-29C5-4084-BB46-78150D26CF6B}.Debug|x64.Build.0 = Debug|x64
		{C9571766-29C5-4084-BB46-78150D26CF6B}.Debug|x86.ActiveCfg = Debug|Win32
		{C9571766-29C5-4084-BB46-78150D26CF6B}.Debug|x86.Build.0 = Debug|Win32
		{C9571766-29C5-4084-BB46-78150D26CF6B}.Release|x64.ActiveCfg = Release|x64
		{C9571766-29C5-4084-BB46-78150D26CF6B}.Release|x64.Build.0 = Release|x64
		{C9571766-29C5-4084-BB46-78150D26CF6B}.Release|x86.ActiveCfg = Release|Win32
		{C9571766-29C5-4084-BB46-78150D26CF6B}.Release|x86.Build.0 = Release|Win32
	EndGlobalSection
	GlobalSection(SolutionProperties) = preSolution
		HideSolutionNode = FALSE
	EndGlobalSection
	GlobalSection(ExtensibilityGlobals) = postSolution
		SolutionGuid = {E7EDF319-F595-4180-9D4A-C5E1AC2403AD}
	EndGlobalSection
EndGlobal
